
Microsoft Visual Studio Solution File, Format Version 12.00
# Visual Studio 15
VisualStudioVersion = 15.0.27004.2002
MinimumVisualStudioVersion = 10.0.40219.1
Project("{FAE04EC0-301F-11D3-BF4B-00C04F79EFBC}") = "PayoneerEscrow", "PayoneerEscrow\PayoneerEscrow.csproj", "{59F566DB-961D-4C1C-BCDF-AFD590D14073}"
EndProject
Project("{FAE04EC0-301F-11D3-BF4B-00C04F79EFBC}") = "ExampleApp_NetFramework46_NetStandard13", "ExampleApp_NetFramework46_NetStandard13\ExampleApp_NetFramework46_NetStandard13.csproj", "{3E3F2D0B-6AED-4CE6-94A4-EC88C20B5F46}"
EndProject
Project("{FAE04EC0-301F-11D3-BF4B-00C04F79EFBC}") = "ExampleApp_NetFramework461_NetStandard20", "ExampleApp_NetFramework461_NetStandard20\ExampleApp_NetFramework461_NetStandard20.csproj", "{2F8FEC8A-A125-485C-B831-0ECD41F27424}"
EndProject
Project("{FAE04EC0-301F-11D3-BF4B-00C04F79EFBC}") = "ExampleApp_NetFramework462_NetStandard15", "ExampleApp_NetFramework462_NetStandard15\ExampleApp_NetFramework462_NetStandard15.csproj", "{50006CE7-D841-4B20-BB99-8A538BE65925}"
EndProject
Project("{FAE04EC0-301F-11D3-BF4B-00C04F79EFBC}") = "ExampleApp_NetFramework461_NetStandard16", "ExampleApp_NetFramework461_NetStandard16\ExampleApp_NetFramework461_NetStandard16.csproj", "{661258E3-A8BD-4B4C-BE76-7095D37FD2C2}"
EndProject
Global
	GlobalSection(SolutionConfigurationPlatforms) = preSolution
		Debug|Any CPU = Debug|Any CPU
		Release|Any CPU = Release|Any CPU
	EndGlobalSection
	GlobalSection(ProjectConfigurationPlatforms) = postSolution
		{59F566DB-961D-4C1C-BCDF-AFD590D14073}.Debug|Any CPU.ActiveCfg = Debug|Any CPU
		{59F566DB-961D-4C1C-BCDF-AFD590D14073}.Debug|Any CPU.Build.0 = Debug|Any CPU
		{59F566DB-961D-4C1C-BCDF-AFD590D14073}.Release|Any CPU.ActiveCfg = Release|Any CPU
		{59F566DB-961D-4C1C-BCDF-AFD590D14073}.Release|Any CPU.Build.0 = Release|Any CPU
		{3E3F2D0B-6AED-4CE6-94A4-EC88C20B5F46}.Debug|Any CPU.ActiveCfg = Debug|Any CPU
		{3E3F2D0B-6AED-4CE6-94A4-EC88C20B5F46}.Debug|Any CPU.Build.0 = Debug|Any CPU
		{3E3F2D0B-6AED-4CE6-94A4-EC88C20B5F46}.Release|Any CPU.ActiveCfg = Release|Any CPU
		{3E3F2D0B-6AED-4CE6-94A4-EC88C20B5F46}.Release|Any CPU.Build.0 = Release|Any CPU
		{2F8FEC8A-A125-485C-B831-0ECD41F27424}.Debug|Any CPU.ActiveCfg = Debug|Any CPU
		{2F8FEC8A-A125-485C-B831-0ECD41F27424}.Debug|Any CPU.Build.0 = Debug|Any CPU
		{2F8FEC8A-A125-485C-B831-0ECD41F27424}.Release|Any CPU.ActiveCfg = Release|Any CPU
		{2F8FEC8A-A125-485C-B831-0ECD41F27424}.Release|Any CPU.Build.0 = Release|Any CPU
		{50006CE7-D841-4B20-BB99-8A538BE65925}.Debug|Any CPU.ActiveCfg = Debug|Any CPU
		{50006CE7-D841-4B20-BB99-8A538BE65925}.Debug|Any CPU.Build.0 = Debug|Any CPU
		{50006CE7-D841-4B20-BB99-8A538BE65925}.Release|Any CPU.ActiveCfg = Release|Any CPU
		{50006CE7-D841-4B20-BB99-8A538BE65925}.Release|Any CPU.Build.0 = Release|Any CPU
		{661258E3-A8BD-4B4C-BE76-7095D37FD2C2}.Debug|Any CPU.ActiveCfg = Debug|Any CPU
		{661258E3-A8BD-4B4C-BE76-7095D37FD2C2}.Debug|Any CPU.Build.0 = Debug|Any CPU
		{661258E3-A8BD-4B4C-BE76-7095D37FD2C2}.Release|Any CPU.ActiveCfg = Release|Any CPU
		{661258E3-A8BD-4B4C-BE76-7095D37FD2C2}.Release|Any CPU.Build.0 = Release|Any CPU
	EndGlobalSection
	GlobalSection(SolutionProperties) = preSolution
		HideSolutionNode = FALSE
	EndGlobalSection
	GlobalSection(ExtensibilityGlobals) = postSolution
		SolutionGuid = {4B4BEC23-B3F9-4DF1-AA4B-7D1B3B946385}
	EndGlobalSection
EndGlobal
